PODS:
  - DifferenceKit (1.1.2):
    - DifferenceKit/Core (= 1.1.2)
    - DifferenceKit/UIKitExtension (= 1.1.2)
  - DifferenceKit/Core (1.1.2)
  - DifferenceKit/UIKitExtension (1.1.2):
    - DifferenceKit/Core
  - ReactiveLists (0.5.1):
    - DifferenceKit (~> 1.1.0)

DEPENDENCIES:
  - ReactiveLists (~> 0.5.1)

SPEC REPOS:
  https://github.com/cocoapods/specs.git:
    - DifferenceKit
    - ReactiveLists

SPEC CHECKSUMS:
  DifferenceKit: 3a1cff9ac9a9cdf2a3f205671067797e83c3f066
  ReactiveLists: e079707255026c1daa421e1b4ec1ede9f0e6b2dc

PODFILE CHECKSUM: df6ae08f28130a94f90f5dcb1b756ef47e918d77

COCOAPODS: 1.7.3
