// !$*UTF8*$!
{
	archiveVersion = 1;
	classes = {
	};
	objectVersion = 50;
	objects = {

/* Begin PBXBuildFile section */
		A116368B22C520AD0020072C /* AppDelegate.swift in Sources */ = {isa = PBXBuildFile; fileRef = A116368A22C520AD0020072C /* AppDelegate.swift */; };
		A116368D22C520AD0020072C /* SceneDelegate.swift in Sources */ = {isa = PBXBuildFile; fileRef = A116368C22C520AD0020072C /* SceneDelegate.swift */; };
		A116368F22C520AD0020072C /* ViewController.swift in Sources */ = {isa = PBXBuildFile; fileRef = A116368E22C520AD0020072C /* ViewController.swift */; };
		A116369422C520AF0020072C /* Assets.xcassets in Resources */ = {isa = PBXBuildFile; fileRef = A116369322C520AF0020072C /* Assets.xcassets */; };
		A116369722C520AF0020072C /* LaunchScreen.storyboard in Resources */ = {isa = PBXBuildFile; fileRef = A116369522C520AF0020072C /* LaunchScreen.storyboard */; };
		B96C579B73CBD88DAF015B1D /* Pods_UIKitForMacPlayground.framework in Frameworks */ = {isa = PBXBuildFile; fileRef = 67B3C60BFC993E73C93CC8E0 /* Pods_UIKitForMacPlayground.framework */; };
/* End PBXBuildFile section */

/* Begin PBXFileReference section */
		417486A30CE1D0BCFC3EB3F4 /* Pods-UIKitForMacPlayground.release.xcconfig */ = {isa = PBXFileReference; includeInIndex = 1; lastKnownFileType = text.xcconfig; name = "Pods-UIKitForMacPlayground.release.xcconfig"; path = "Target Support Files/Pods-UIKitForMacPlayground/Pods-UIKitForMacPlayground.release.xcconfig"; sourceTree = "<group>"; };
		67B3C60BFC993E73C93CC8E0 /* Pods_UIKitForMacPlayground.framework */ = {isa = PBXFileReference; explicitFileType = wrapper.framework; includeInIndex = 0; path = Pods_UIKitForMacPlayground.framework; sourceTree = BUILT_PRODUCTS_DIR; };
		A116368722C520AD0020072C /* UIKitForMacPlayground.app */ = {isa = PBXFileReference; explicitFileType = wrapper.application; includeInIndex = 0; path = UIKitForMacPlayground.app; sourceTree = BUILT_PRODUCTS_DIR; };
		A116368A22C520AD0020072C /* AppDelegate.swift */ = {isa = PBXFileReference; lastKnownFileType = sourcecode.swift; path = AppDelegate.swift; sourceTree = "<group>"; };
		A116368C22C520AD0020072C /* SceneDelegate.swift */ = {isa = PBXFileReference; lastKnownFileType = sourcecode.swift; path = SceneDelegate.swift; sourceTree = "<group>"; };
		A116368E22C520AD0020072C /* ViewController.swift */ = {isa = PBXFileReference; lastKnownFileType = sourcecode.swift; path = ViewController.swift; sourceTree = "<group>"; };
		A116369322C520AF0020072C /* Assets.xcassets */ = {isa = PBXFileReference; lastKnownFileType = folder.assetcatalog; path = Assets.xcassets; sourceTree = "<group>"; };
		A116369622C520AF0020072C /* Base */ = {isa = PBXFileReference; lastKnownFileType = file.storyboard; name = Base; path = Base.lproj/LaunchScreen.storyboard; sourceTree = "<group>"; };
		A116369822C520AF0020072C /* Info.plist */ = {isa = PBXFileReference; lastKnownFileType = text.plist.xml; path = Info.plist; sourceTree = "<group>"; };
		A116369E22C520E00020072C /* UIKitForMacPlayground.entitlements */ = {isa = PBXFileReference; lastKnownFileType = text.plist.entitlements; path = UIKitForMacPlayground.entitlements; sourceTree = "<group>"; };
		A793676ECB32AE0CCFB9C6EA /* Pods-UIKitForMacPlayground.debug.xcconfig */ = {isa = PBXFileReference; includeInIndex = 1; lastKnownFileType = text.xcconfig; name = "Pods-UIKitForMacPlayground.debug.xcconfig"; path = "Target Support Files/Pods-UIKitForMacPlayground/Pods-UIKitForMacPlayground.debug.xcconfig"; sourceTree = "<group>"; };
/* End PBXFileReference section */

/* Begin PBXFrameworksBuildPhase section */
		A116368422C520AD0020072C /* Frameworks */ = {
			isa = PBXFrameworksBuildPhase;
			buildActionMask = 2147483647;
			files = (
				B96C579B73CBD88DAF015B1D /* Pods_UIKitForMacPlayground.framework in Frameworks */,
			);
			runOnlyForDeploymentPostprocessing = 0;
		};
/* End PBXFrameworksBuildPhase section */

/* Begin PBXGroup section */
		12C4E70C679440A52759DFC1 /* Frameworks */ = {
			isa = PBXGroup;
			children = (
				67B3C60BFC993E73C93CC8E0 /* Pods_UIKitForMacPlayground.framework */,
			);
			name = Frameworks;
			sourceTree = "<group>";
		};
		27FF9F9969858C90A708E2B4 /* Pods */ = {
			isa = PBXGroup;
			children = (
				A793676ECB32AE0CCFB9C6EA /* Pods-UIKitForMacPlayground.debug.xcconfig */,
				417486A30CE1D0BCFC3EB3F4 /* Pods-UIKitForMacPlayground.release.xcconfig */,
			);
			name = Pods;
			path = Pods;
			sourceTree = "<group>";
		};
		A116367E22C520AD0020072C = {
			isa = PBXGroup;
			children = (
				A116368922C520AD0020072C /* UIKitForMacPlayground */,
				A116368822C520AD0020072C /* Products */,
				27FF9F9969858C90A708E2B4 /* Pods */,
				12C4E70C679440A52759DFC1 /* Frameworks */,
			);
			sourceTree = "<group>";
		};
		A116368822C520AD0020072C /* Products */ = {
			isa = PBXGroup;
			children = (
				A116368722C520AD0020072C /* UIKitForMacPlayground.app */,
			);
			name = Products;
			sourceTree = "<group>";
		};
		A116368922C520AD0020072C /* UIKitForMacPlayground */ = {
			isa = PBXGroup;
			children = (
				A116369E22C520E00020072C /* UIKitForMacPlayground.entitlements */,
				A116368A22C520AD0020072C /* AppDelegate.swift */,
				A116368C22C520AD0020072C /* SceneDelegate.swift */,
				A116368E22C520AD0020072C /* ViewController.swift */,
				A116369322C520AF0020072C /* Assets.xcassets */,
				A116369522C520AF0020072C /* LaunchScreen.storyboard */,
				A116369822C520AF0020072C /* Info.plist */,
			);
			path = UIKitForMacPlayground;
			sourceTree = "<group>";
		};
/* End PBXGroup section */

/* Begin PBXNativeTarget section */
		A116368622C520AD0020072C /* UIKitForMacPlayground */ = {
			isa = PBXNativeTarget;
			buildConfigurationList = A116369B22C520AF0020072C /* Build configuration list for PBXNativeTarget "UIKitForMacPlayground" */;
			buildPhases = (
				214D85965551D10ACF6D83E5 /* [CP] Check Pods Manifest.lock */,
				A116368322C520AD0020072C /* Sources */,
				A116368422C520AD0020072C /* Frameworks */,
				A116368522C520AD0020072C /* Resources */,
				F33872B19FF7D6EE084D244F /* [CP] Embed Pods Frameworks */,
			);
			buildRules = (
			);
			dependencies = (
			);
			name = UIKitForMacPlayground;
			productName = UIKitForMacPlayground;
			productReference = A116368722C520AD0020072C /* UIKitForMacPlayground.app */;
			productType = "com.apple.product-type.application";
		};
/* End PBXNativeTarget section */

/* Begin PBXProject section */
		A116367F22C520AD0020072C /* Project object */ = {
			isa = PBXProject;
			attributes = {
				LastSwiftUpdateCheck = 1100;
				LastUpgradeCheck = 1100;
				ORGANIZATIONNAME = "Noah Gilmore";
				TargetAttributes = {
					A116368622C520AD0020072C = {
						CreatedOnToolsVersion = 11.0;
					};
				};
			};
			buildConfigurationList = A116368222C520AD0020072C /* Build configuration list for PBXProject "UIKitForMacPlayground" */;
			compatibilityVersion = "Xcode 9.3";
			developmentRegion = en;
			hasScannedForEncodings = 0;
			knownRegions = (
				en,
				Base,
			);
			mainGroup = A116367E22C520AD0020072C;
			productRefGroup = A116368822C520AD0020072C /* Products */;
			projectDirPath = "";
			projectRoot = "";
			targets = (
				A116368622C520AD0020072C /* UIKitForMacPlayground */,
			);
		};
/* End PBXProject section */

/* Begin PBXResourcesBuildPhase section */
		A116368522C520AD0020072C /* Resources */ = {
			isa = PBXResourcesBuildPhase;
			buildActionMask = 2147483647;
			files = (
				A116369722C520AF0020072C /* LaunchScreen.storyboard in Resources */,
				A116369422C520AF0020072C /* Assets.xcassets in Resources */,
			);
			runOnlyForDeploymentPostprocessing = 0;
		};
/* End PBXResourcesBuildPhase section */

/* Begin PBXShellScriptBuildPhase section */
		214D85965551D10ACF6D83E5 /* [CP] Check Pods Manifest.lock */ = {
			isa = PBXShellScriptBuildPhase;
			buildActionMask = 2147483647;
			files = (
			);
			inputFileListPaths = (
			);
			inputPaths = (
				"${PODS_PODFILE_DIR_PATH}/Podfile.lock",
				"${PODS_ROOT}/Manifest.lock",
			);
			name = "[CP] Check Pods Manifest.lock";
			outputFileListPaths = (
			);
			outputPaths = (
				"$(DERIVED_FILE_DIR)/Pods-UIKitForMacPlayground-checkManifestLockResult.txt",
			);
			runOnlyForDeploymentPostprocessing = 0;
			shellPath = /bin/sh;
			shellScript = "diff \"${PODS_PODFILE_DIR_PATH}/Podfile.lock\" \"${PODS_ROOT}/Manifest.lock\" > /dev/null\nif [ $? != 0 ] ; then\n    # print error to STDERR\n    echo \"error: The sandbox is not in sync with the Podfile.lock. Run 'pod install' or update your CocoaPods installation.\" >&2\n    exit 1\nfi\n# This output is used by Xcode 'outputs' to avoid re-running this script phase.\necho \"SUCCESS\" > \"${SCRIPT_OUTPUT_FILE_0}\"\n";
			showEnvVarsInLog = 0;
		};
		F33872B19FF7D6EE084D244F /* [CP] Embed Pods Frameworks */ = {
			isa = PBXShellScriptBuildPhase;
			buildActionMask = 2147483647;
			files = (
			);
			inputFileListPaths = (
				"${PODS_ROOT}/Target Support Files/Pods-UIKitForMacPlayground/Pods-UIKitForMacPlayground-frameworks-${CONFIGURATION}-input-files.xcfilelist",
			);
			name = "[CP] Embed Pods Frameworks";
			outputFileListPaths = (
				"${PODS_ROOT}/Target Support Files/Pods-UIKitForMacPlayground/Pods-UIKitForMacPlayground-frameworks-${CONFIGURATION}-output-files.xcfilelist",
			);
			runOnlyForDeploymentPostprocessing = 0;
			shellPath = /bin/sh;
			shellScript = "\"${PODS_ROOT}/Target Support Files/Pods-UIKitForMacPlayground/Pods-UIKitForMacPlayground-frameworks.sh\"\n";
			showEnvVarsInLog = 0;
		};
/* End PBXShellScriptBuildPhase section */

/* Begin PBXSourcesBuildPhase section */
		A116368322C520AD0020072C /* Sources */ = {
			isa = PBXSourcesBuildPhase;
			buildActionMask = 2147483647;
			files = (
				A116368F22C520AD0020072C /* ViewController.swift in Sources */,
				A116368B22C520AD0020072C /* AppDelegate.swift in Sources */,
				A116368D22C520AD0020072C /* SceneDelegate.swift in Sources */,
			);
			runOnlyForDeploymentPostprocessing = 0;
		};
/* End PBXSourcesBuildPhase section */

/* Begin PBXVariantGroup section */
		A116369522C520AF0020072C /* LaunchScreen.storyboard */ = {
			isa = PBXVariantGroup;
			children = (
				A116369622C520AF0020072C /* Base */,
			);
			name = LaunchScreen.storyboard;
			sourceTree = "<group>";
		};
/* End PBXVariantGroup section */

/* Begin XCBuildConfiguration section */
		A116369922C520AF0020072C /* Debug */ = {
			isa = XCBuildConfiguration;
			buildSettings = {
				ALWAYS_SEARCH_USER_PATHS = NO;
				CLANG_ANALYZER_NONNULL = YES;
				CLANG_ANALYZER_NUMBER_OBJECT_CONVERSION = YES_AGGRESSIVE;
				CLANG_CXX_LANGUAGE_STANDARD = "gnu++14";
				CLANG_CXX_LIBRARY = "libc++";
				CLANG_ENABLE_MODULES = YES;
				CLANG_ENABLE_OBJC_ARC = YES;
				CLANG_ENABLE_OBJC_WEAK = YES;
				CLANG_WARN_BLOCK_CAPTURE_AUTORELEASING = YES;
				CLANG_WARN_BOOL_CONVERSION = YES;
				CLANG_WARN_COMMA = YES;
				CLANG_WARN_CONSTANT_CONVERSION = YES;
				CLANG_WARN_DEPRECATED_OBJC_IMPLEMENTATIONS = YES;
				CLANG_WARN_DIRECT_OBJC_ISA_USAGE = YES_ERROR;
				CLANG_WARN_DOCUMENTATION_COMMENTS = YES;
				CLANG_WARN_EMPTY_BODY = YES;
				CLANG_WARN_ENUM_CONVERSION = YES;
				CLANG_WARN_INFINITE_RECURSION = YES;
				CLANG_WARN_INT_CONVERSION = YES;
				CLANG_WARN_NON_LITERAL_NULL_CONVERSION = YES;
				CLANG_WARN_OBJC_IMPLICIT_RETAIN_SELF = YES;
				CLANG_WARN_OBJC_LITERAL_CONVERSION = YES;
				CLANG_WARN_OBJC_ROOT_CLASS = YES_ERROR;
				CLANG_WARN_RANGE_LOOP_ANALYSIS = YES;
				CLANG_WARN_STRICT_PROTOTYPES = YES;
				CLANG_WARN_SUSPICIOUS_MOVE = YES;
				CLANG_WARN_UNGUARDED_AVAILABILITY = YES_AGGRESSIVE;
				CLANG_WARN_UNREACHABLE_CODE = YES;
				CLANG_WARN__DUPLICATE_METHOD_MATCH = YES;
				COPY_PHASE_STRIP = NO;
				DEBUG_INFORMATION_FORMAT = dwarf;
				ENABLE_STRICT_OBJC_MSGSEND = YES;
				ENABLE_TESTABILITY = YES;
				GCC_C_LANGUAGE_STANDARD = gnu11;
				GCC_DYNAMIC_NO_PIC = NO;
				GCC_NO_COMMON_BLOCKS = YES;
				GCC_OPTIMIZATION_LEVEL = 0;
				GCC_PREPROCESSOR_DEFINITIONS = (
					"DEBUG=1",
					"$(inherited)",
				);
				GCC_WARN_64_TO_32_BIT_CONVERSION = YES;
				GCC_WARN_ABOUT_RETURN_TYPE = YES_ERROR;
				GCC_WARN_UNDECLARED_SELECTOR = YES;
				GCC_WARN_UNINITIALIZED_AUTOS = YES_AGGRESSIVE;
				GCC_WARN_UNUSED_FUNCTION = YES;
				GCC_WARN_UNUSED_VARIABLE = YES;
				IPHONEOS_DEPLOYMENT_TARGET = 13.0;
				MTL_ENABLE_DEBUG_INFO = INCLUDE_SOURCE;
				MTL_FAST_MATH = YES;
				ONLY_ACTIVE_ARCH = YES;
				SDKROOT = iphoneos;
				SWIFT_ACTIVE_COMPILATION_CONDITIONS = DEBUG;
				SWIFT_OPTIMIZATION_LEVEL = "-Onone";
			};
			name = Debug;
		};
		A116369A22C520AF0020072C /* Release */ = {
			isa = XCBuildConfiguration;
			buildSettings = {
				ALWAYS_SEARCH_USER_PATHS = NO;
				CLANG_ANALYZER_NONNULL = YES;
				CLANG_ANALYZER_NUMBER_OBJECT_CONVERSION = YES_AGGRESSIVE;
				CLANG_CXX_LANGUAGE_STANDARD = "gnu++14";
				CLANG_CXX_LIBRARY = "libc++";
				CLANG_ENABLE_MODULES = YES;
				CLANG_ENABLE_OBJC_ARC = YES;
				CLANG_ENABLE_OBJC_WEAK = YES;
				CLANG_WARN_BLOCK_CAPTURE_AUTORELEASING = YES;
				CLANG_WARN_BOOL_CONVERSION = YES;
				CLANG_WARN_COMMA = YES;
				CLANG_WARN_CONSTANT_CONVERSION = YES;
				CLANG_WARN_DEPRECATED_OBJC_IMPLEMENTATIONS = YES;
				CLANG_WARN_DIRECT_OBJC_ISA_USAGE = YES_ERROR;
				CLANG_WARN_DOCUMENTATION_COMMENTS = YES;
				CLANG_WARN_EMPTY_BODY = YES;
				CLANG_WARN_ENUM_CONVERSION = YES;
				CLANG_WARN_INFINITE_RECURSION = YES;
				CLANG_WARN_INT_CONVERSION = YES;
				CLANG_WARN_NON_LITERAL_NULL_CONVERSION = YES;
				CLANG_WARN_OBJC_IMPLICIT_RETAIN_SELF = YES;
				CLANG_WARN_OBJC_LITERAL_CONVERSION = YES;
				CLANG_WARN_OBJC_ROOT_CLASS = YES_ERROR;
				CLANG_WARN_RANGE_LOOP_ANALYSIS = YES;
				CLANG_WARN_STRICT_PROTOTYPES = YES;
				CLANG_WARN_SUSPICIOUS_MOVE = YES;
				CLANG_WARN_UNGUARDED_AVAILABILITY = YES_AGGRESSIVE;
				CLANG_WARN_UNREACHABLE_CODE = YES;
				CLANG_WARN__DUPLICATE_METHOD_MATCH = YES;
				COPY_PHASE_STRIP = NO;
				DEBUG_INFORMATION_FORMAT = "dwarf-with-dsym";
				ENABLE_NS_ASSERTIONS = NO;
				ENABLE_STRICT_OBJC_MSGSEND = YES;
				GCC_C_LANGUAGE_STANDARD = gnu11;
				GCC_NO_COMMON_BLOCKS = YES;
				GCC_WARN_64_TO_32_BIT_CONVERSION = YES;
				GCC_WARN_ABOUT_RETURN_TYPE = YES_ERROR;
				GCC_WARN_UNDECLARED_SELECTOR = YES;
				GCC_WARN_UNINITIALIZED_AUTOS = YES_AGGRESSIVE;
				GCC_WARN_UNUSED_FUNCTION = YES;
				GCC_WARN_UNUSED_VARIABLE = YES;
				IPHONEOS_DEPLOYMENT_TARGET = 13.0;
				MTL_ENABLE_DEBUG_INFO = NO;
				MTL_FAST_MATH = YES;
				SDKROOT = iphoneos;
				SWIFT_COMPILATION_MODE = wholemodule;
				SWIFT_OPTIMIZATION_LEVEL = "-O";
				VALIDATE_PRODUCT = YES;
			};
			name = Release;
		};
		A116369C22C520AF0020072C /* Debug */ = {
			isa = XCBuildConfiguration;
			baseConfigurationReference = A793676ECB32AE0CCFB9C6EA /* Pods-UIKitForMacPlayground.debug.xcconfig */;
			buildSettings = {
				ASSETCATALOG_COMPILER_APPICON_NAME = AppIcon;
				CODE_SIGN_ENTITLEMENTS = UIKitForMacPlayground/UIKitForMacPlayground.entitlements;
				CODE_SIGN_STYLE = Automatic;
				DERIVE_UIKITFORMAC_PRODUCT_BUNDLE_IDENTIFIER = YES;
				DEVELOPMENT_TEAM = 29P3YRFLV5;
				INFOPLIST_FILE = UIKitForMacPlayground/Info.plist;
				LD_RUNPATH_SEARCH_PATHS = (
					"$(inherited)",
					"@executable_path/Frameworks",
				);
				PRODUCT_BUNDLE_IDENTIFIER = com.noahgilmore.UIKitForMacPlayground;
				PRODUCT_NAME = "$(TARGET_NAME)";
				SUPPORTS_UIKITFORMAC = YES;
				SWIFT_VERSION = 5.0;
				TARGETED_DEVICE_FAMILY = "1,2";
			};
			name = Debug;
		};
		A116369D22C520AF0020072C /* Release */ = {
			isa = XCBuildConfiguration;
			baseConfigurationReference = 417486A30CE1D0BCFC3EB3F4 /* Pods-UIKitForMacPlayground.release.xcconfig */;
			buildSettings = {
				ASSETCATALOG_COMPILER_APPICON_NAME = AppIcon;
				CODE_SIGN_ENTITLEMENTS = UIKitForMacPlayground/UIKitForMacPlayground.entitlements;
				CODE_SIGN_STYLE = Automatic;
				DERIVE_UIKITFORMAC_PRODUCT_BUNDLE_IDENTIFIER = YES;
				DEVELOPMENT_TEAM = 29P3YRFLV5;
				INFOPLIST_FILE = UIKitForMacPlayground/Info.plist;
				LD_RUNPATH_SEARCH_PATHS = (
					"$(inherited)",
					"@executable_path/Frameworks",
				);
				PRODUCT_BUNDLE_IDENTIFIER = com.noahgilmore.UIKitForMacPlayground;
				PRODUCT_NAME = "$(TARGET_NAME)";
				SUPPORTS_UIKITFORMAC = YES;
				SWIFT_VERSION = 5.0;
				TARGETED_DEVICE_FAMILY = "1,2";
			};
			name = Release;
		};
/* End XCBuildConfiguration section */

/* Begin XCConfigurationList section */
		A116368222C520AD0020072C /* Build configuration list for PBXProject "UIKitForMacPlayground" */ = {
			isa = XCConfigurationList;
			buildConfigurations = (
				A116369922C520AF0020072C /* Debug */,
				A116369A22C520AF0020072C /* Release */,
			);
			defaultConfigurationIsVisible = 0;
			defaultConfigurationName = Release;
		};
		A116369B22C520AF0020072C /* Build configuration list for PBXNativeTarget "UIKitForMacPlayground" */ = {
			isa = XCConfigurationList;
			buildConfigurations = (
				A116369C22C520AF0020072C /* Debug */,
				A116369D22C520AF0020072C /* Release */,
			);
			defaultConfigurationIsVisible = 0;
			defaultConfigurationName = Release;
		};
/* End XCConfigurationList section */
	};
	rootObject = A116367F22C520AD0020072C /* Project object */;
}
