// !$*UTF8*$!
{
	archiveVersion = 1;
	classes = {
	};
	objectVersion = 50;
	objects = {

/* Begin PBXBuildFile section */
		78646C4D22E87D2200B29FE7 /* (null) in Sources */ = {isa = PBXBuildFile; };
		78646C4E22E87D2200B29FE7 /* (null) in Sources */ = {isa = PBXBuildFile; };
		A1147A2322F030C8003DC870 /* UIKitForMacPlaygroundSupportingBundle.bundle in Embed PlugIns */ = {isa = PBXBuildFile; fileRef = A1D887B122DCC874007C73ED /* UIKitForMacPlaygroundSupportingBundle.bundle */; settings = {ATTRIBUTES = (CodeSignOnCopy, RemoveHeadersOnCopy, ); }; };
		A1147A2522F03713003DC870 /* NotificationsViewController.swift in Sources */ = {isa = PBXBuildFile; fileRef = A1147A2422F03713003DC870 /* NotificationsViewController.swift */; };
		A1147A2922F0386B003DC870 /* CursorsViewController.swift in Sources */ = {isa = PBXBuildFile; fileRef = A1147A2722F0386B003DC870 /* CursorsViewController.swift */; };
		A1147A2D22F08F6D003DC870 /* SwiftUIView.swift in Sources */ = {isa = PBXBuildFile; fileRef = A1147A2C22F08F6C003DC870 /* SwiftUIView.swift */; };
		A116117322D003B000251B87 /* WindowsViewController.swift in Sources */ = {isa = PBXBuildFile; fileRef = A116117222D003B000251B87 /* WindowsViewController.swift */; };
		A116368B22C520AD0020072C /* AppDelegate.swift in Sources */ = {isa = PBXBuildFile; fileRef = A116368A22C520AD0020072C /* AppDelegate.swift */; };
		A116368F22C520AD0020072C /* ViewController.swift in Sources */ = {isa = PBXBuildFile; fileRef = A116368E22C520AD0020072C /* ViewController.swift */; };
		A116369422C520AF0020072C /* Assets.xcassets in Resources */ = {isa = PBXBuildFile; fileRef = A116369322C520AF0020072C /* Assets.xcassets */; };
		A116369722C520AF0020072C /* LaunchScreen.storyboard in Resources */ = {isa = PBXBuildFile; fileRef = A116369522C520AF0020072C /* LaunchScreen.storyboard */; };
		A1A1A69322CB0D97003B81A7 /* ListViewController.swift in Sources */ = {isa = PBXBuildFile; fileRef = A1A1A69222CB0D97003B81A7 /* ListViewController.swift */; };
		A1A568FC22DFD4900045DF86 /* SceneDelegate.swift in Sources */ = {isa = PBXBuildFile; fileRef = A116368C22C520AD0020072C /* SceneDelegate.swift */; };
		A1CDC1E222E98C7700B72002 /* OpenFileViewController.swift in Sources */ = {isa = PBXBuildFile; fileRef = A1CDC1E122E98C7700B72002 /* OpenFileViewController.swift */; };
		A1D8877722DC3D3B007C73ED /* SquareSceneDelegate.swift in Sources */ = {isa = PBXBuildFile; fileRef = A1D8877622DC3D3B007C73ED /* SquareSceneDelegate.swift */; };
		A1D8879A22DCA178007C73ED /* HashableIdGenerator.swift in Sources */ = {isa = PBXBuildFile; fileRef = A1D8879922DCA178007C73ED /* HashableIdGenerator.swift */; };
		A1D8879C22DCA1AA007C73ED /* ExamplesViewController.swift in Sources */ = {isa = PBXBuildFile; fileRef = A1D8879B22DCA1AA007C73ED /* ExamplesViewController.swift */; };
		A1D8879E22DCA1F6007C73ED /* HeaderView.swift in Sources */ = {isa = PBXBuildFile; fileRef = A1D8879D22DCA1F6007C73ED /* HeaderView.swift */; };
		A1D887A022DCA20B007C73ED /* UserActivities.swift in Sources */ = {isa = PBXBuildFile; fileRef = A1D8879F22DCA20B007C73ED /* UserActivities.swift */; };
		A1D887A222DCA24E007C73ED /* HoverViewController.swift in Sources */ = {isa = PBXBuildFile; fileRef = A1D887A122DCA24E007C73ED /* HoverViewController.swift */; };
		A1D887A422DCA275007C73ED /* HoverExampleView.swift in Sources */ = {isa = PBXBuildFile; fileRef = A1D887A322DCA275007C73ED /* HoverExampleView.swift */; };
		A1D887A622DCA299007C73ED /* ColorView.swift in Sources */ = {isa = PBXBuildFile; fileRef = A1D887A522DCA299007C73ED /* ColorView.swift */; };
		A1D887A822DCB108007C73ED /* DragAndDropViewController.swift in Sources */ = {isa = PBXBuildFile; fileRef = A1D887A722DCB108007C73ED /* DragAndDropViewController.swift */; };
		A1D887AA22DCB167007C73ED /* DragExampleView.swift in Sources */ = {isa = PBXBuildFile; fileRef = A1D887A922DCB167007C73ED /* DragExampleView.swift */; };
		A1D887AC22DCB27F007C73ED /* DropExampleView.swift in Sources */ = {isa = PBXBuildFile; fileRef = A1D887AB22DCB27F007C73ED /* DropExampleView.swift */; };
		A1D887B922DCC9F3007C73ED /* AppKitPrincipal.swift in Sources */ = {isa = PBXBuildFile; fileRef = A1D887B822DCC9F3007C73ED /* AppKitPrincipal.swift */; };
		A1D887C522DD308C007C73ED /* AppKitBundleLoader.m in Sources */ = {isa = PBXBuildFile; fileRef = A1D887C422DD308C007C73ED /* AppKitBundleLoader.m */; };
		A1D887C722DE06EF007C73ED /* TouchBarViewController.swift in Sources */ = {isa = PBXBuildFile; fileRef = A1D887C622DE06EF007C73ED /* TouchBarViewController.swift */; };
		A1D887C922DE0D78007C73ED /* ContextMenuViewController.swift in Sources */ = {isa = PBXBuildFile; fileRef = A1D887C822DE0D78007C73ED /* ContextMenuViewController.swift */; };
		A1D887CB22DE3670007C73ED /* DetailType.swift in Sources */ = {isa = PBXBuildFile; fileRef = A1D887CA22DE3670007C73ED /* DetailType.swift */; };
		A1D887CC22DE367E007C73ED /* DetailType.swift in Sources */ = {isa = PBXBuildFile; fileRef = A1D887CA22DE3670007C73ED /* DetailType.swift */; };
		B96C579B73CBD88DAF015B1D /* Pods_UIKitForMacPlayground.framework in Frameworks */ = {isa = PBXBuildFile; fileRef = 67B3C60BFC993E73C93CC8E0 /* Pods_UIKitForMacPlayground.framework */; };
/* End PBXBuildFile section */

/* Begin PBXContainerItemProxy section */
		A1A568FE22DFD7020045DF86 /* PBXContainerItemProxy */ = {
			isa = PBXContainerItemProxy;
			containerPortal = A116367F22C520AD0020072C /* Project object */;
			proxyType = 1;
			remoteGlobalIDString = A1D887B022DCC874007C73ED;
			remoteInfo = UIKitForMacPlaygroundSupportingBundle;
		};
/* End PBXContainerItemProxy section */

/* Begin PBXCopyFilesBuildPhase section */
		A1A5690022DFD7030045DF86 /* Embed PlugIns */ = {
			isa = PBXCopyFilesBuildPhase;
			buildActionMask = 12;
			dstPath = "";
			dstSubfolderSpec = 13;
			files = (
				A1147A2322F030C8003DC870 /* UIKitForMacPlaygroundSupportingBundle.bundle in Embed PlugIns */,
			);
			name = "Embed PlugIns";
			runOnlyForDeploymentPostprocessing = 0;
		};
/* End PBXCopyFilesBuildPhase section */

/* Begin PBXFileReference section */
		417486A30CE1D0BCFC3EB3F4 /* Pods-UIKitForMacPlayground.release.xcconfig */ = {isa = PBXFileReference; includeInIndex = 1; lastKnownFileType = text.xcconfig; name = "Pods-UIKitForMacPlayground.release.xcconfig"; path = "Target Support Files/Pods-UIKitForMacPlayground/Pods-UIKitForMacPlayground.release.xcconfig"; sourceTree = "<group>"; };
		67B3C60BFC993E73C93CC8E0 /* Pods_UIKitForMacPlayground.framework */ = {isa = PBXFileReference; explicitFileType = wrapper.framework; includeInIndex = 0; path = Pods_UIKitForMacPlayground.framework; sourceTree = BUILT_PRODUCTS_DIR; };
		A1147A2422F03713003DC870 /* NotificationsViewController.swift */ = {isa = PBXFileReference; fileEncoding = 4; lastKnownFileType = sourcecode.swift; path = NotificationsViewController.swift; sourceTree = "<group>"; };
		A1147A2722F0386B003DC870 /* CursorsViewController.swift */ = {isa = PBXFileReference; fileEncoding = 4; lastKnownFileType = sourcecode.swift; path = CursorsViewController.swift; sourceTree = "<group>"; };
		A1147A2C22F08F6C003DC870 /* SwiftUIView.swift */ = {isa = PBXFileReference; fileEncoding = 4; lastKnownFileType = sourcecode.swift; path = SwiftUIView.swift; sourceTree = "<group>"; };
		A116117222D003B000251B87 /* WindowsViewController.swift */ = {isa = PBXFileReference; lastKnownFileType = sourcecode.swift; path = WindowsViewController.swift; sourceTree = "<group>"; };
		A116368722C520AD0020072C /* UIKitForMacPlayground.app */ = {isa = PBXFileReference; explicitFileType = wrapper.application; includeInIndex = 0; path = UIKitForMacPlayground.app; sourceTree = BUILT_PRODUCTS_DIR; };
		A116368A22C520AD0020072C /* AppDelegate.swift */ = {isa = PBXFileReference; lastKnownFileType = sourcecode.swift; path = AppDelegate.swift; sourceTree = "<group>"; };
		A116368C22C520AD0020072C /* SceneDelegate.swift */ = {isa = PBXFileReference; lastKnownFileType = sourcecode.swift; path = SceneDelegate.swift; sourceTree = "<group>"; };
		A116368E22C520AD0020072C /* ViewController.swift */ = {isa = PBXFileReference; lastKnownFileType = sourcecode.swift; path = ViewController.swift; sourceTree = "<group>"; };
		A116369322C520AF0020072C /* Assets.xcassets */ = {isa = PBXFileReference; lastKnownFileType = folder.assetcatalog; path = Assets.xcassets; sourceTree = "<group>"; };
		A116369622C520AF0020072C /* Base */ = {isa = PBXFileReference; lastKnownFileType = file.storyboard; name = Base; path = Base.lproj/LaunchScreen.storyboard; sourceTree = "<group>"; };
		A116369822C520AF0020072C /* Info.plist */ = {isa = PBXFileReference; lastKnownFileType = text.plist.xml; path = Info.plist; sourceTree = "<group>"; };
		A116369E22C520E00020072C /* UIKitForMacPlayground.entitlements */ = {isa = PBXFileReference; lastKnownFileType = text.plist.entitlements; path = UIKitForMacPlayground.entitlements; sourceTree = "<group>"; };
		A1A1A69222CB0D97003B81A7 /* ListViewController.swift */ = {isa = PBXFileReference; lastKnownFileType = sourcecode.swift; path = ListViewController.swift; sourceTree = "<group>"; };
		A1CDC1E122E98C7700B72002 /* OpenFileViewController.swift */ = {isa = PBXFileReference; fileEncoding = 4; lastKnownFileType = sourcecode.swift; path = OpenFileViewController.swift; sourceTree = "<group>"; };
		A1D8877622DC3D3B007C73ED /* SquareSceneDelegate.swift */ = {isa = PBXFileReference; lastKnownFileType = sourcecode.swift; path = SquareSceneDelegate.swift; sourceTree = "<group>"; };
		A1D8879922DCA178007C73ED /* HashableIdGenerator.swift */ = {isa = PBXFileReference; lastKnownFileType = sourcecode.swift; path = HashableIdGenerator.swift; sourceTree = "<group>"; };
		A1D8879B22DCA1AA007C73ED /* ExamplesViewController.swift */ = {isa = PBXFileReference; lastKnownFileType = sourcecode.swift; path = ExamplesViewController.swift; sourceTree = "<group>"; };
		A1D8879D22DCA1F6007C73ED /* HeaderView.swift */ = {isa = PBXFileReference; lastKnownFileType = sourcecode.swift; path = HeaderView.swift; sourceTree = "<group>"; };
		A1D8879F22DCA20B007C73ED /* UserActivities.swift */ = {isa = PBXFileReference; lastKnownFileType = sourcecode.swift; path = UserActivities.swift; sourceTree = "<group>"; };
		A1D887A122DCA24E007C73ED /* HoverViewController.swift */ = {isa = PBXFileReference; lastKnownFileType = sourcecode.swift; path = HoverViewController.swift; sourceTree = "<group>"; };
		A1D887A322DCA275007C73ED /* HoverExampleView.swift */ = {isa = PBXFileReference; lastKnownFileType = sourcecode.swift; path = HoverExampleView.swift; sourceTree = "<group>"; };
		A1D887A522DCA299007C73ED /* ColorView.swift */ = {isa = PBXFileReference; lastKnownFileType = sourcecode.swift; path = ColorView.swift; sourceTree = "<group>"; };
		A1D887A722DCB108007C73ED /* DragAndDropViewController.swift */ = {isa = PBXFileReference; lastKnownFileType = sourcecode.swift; path = DragAndDropViewController.swift; sourceTree = "<group>"; };
		A1D887A922DCB167007C73ED /* DragExampleView.swift */ = {isa = PBXFileReference; lastKnownFileType = sourcecode.swift; path = DragExampleView.swift; sourceTree = "<group>"; };
		A1D887AB22DCB27F007C73ED /* DropExampleView.swift */ = {isa = PBXFileReference; lastKnownFileType = sourcecode.swift; path = DropExampleView.swift; sourceTree = "<group>"; };
		A1D887B122DCC874007C73ED /* UIKitForMacPlaygroundSupportingBundle.bundle */ = {isa = PBXFileReference; explicitFileType = wrapper.cfbundle; includeInIndex = 0; path = UIKitForMacPlaygroundSupportingBundle.bundle; sourceTree = BUILT_PRODUCTS_DIR; };
		A1D887B322DCC874007C73ED /* Info.plist */ = {isa = PBXFileReference; lastKnownFileType = text.plist.xml; path = Info.plist; sourceTree = "<group>"; };
		A1D887B722DCC9F3007C73ED /* UIKitForMacPlaygroundSupportingBundle-Bridging-Header.h */ = {isa = PBXFileReference; lastKnownFileType = sourcecode.c.h; path = "UIKitForMacPlaygroundSupportingBundle-Bridging-Header.h"; sourceTree = "<group>"; };
		A1D887B822DCC9F3007C73ED /* AppKitPrincipal.swift */ = {isa = PBXFileReference; lastKnownFileType = sourcecode.swift; path = AppKitPrincipal.swift; sourceTree = "<group>"; };
		A1D887C222DD308C007C73ED /* UIKitForMacPlayground-Bridging-Header.h */ = {isa = PBXFileReference; lastKnownFileType = sourcecode.c.h; path = "UIKitForMacPlayground-Bridging-Header.h"; sourceTree = "<group>"; };
		A1D887C322DD308C007C73ED /* AppKitBundleLoader.h */ = {isa = PBXFileReference; lastKnownFileType = sourcecode.c.h; path = AppKitBundleLoader.h; sourceTree = "<group>"; };
		A1D887C422DD308C007C73ED /* AppKitBundleLoader.m */ = {isa = PBXFileReference; lastKnownFileType = sourcecode.c.objc; path = AppKitBundleLoader.m; sourceTree = "<group>"; };
		A1D887C622DE06EF007C73ED /* TouchBarViewController.swift */ = {isa = PBXFileReference; lastKnownFileType = sourcecode.swift; path = TouchBarViewController.swift; sourceTree = "<group>"; };
		A1D887C822DE0D78007C73ED /* ContextMenuViewController.swift */ = {isa = PBXFileReference; lastKnownFileType = sourcecode.swift; path = ContextMenuViewController.swift; sourceTree = "<group>"; };
		A1D887CA22DE3670007C73ED /* DetailType.swift */ = {isa = PBXFileReference; lastKnownFileType = sourcecode.swift; path = DetailType.swift; sourceTree = "<group>"; };
		A793676ECB32AE0CCFB9C6EA /* Pods-UIKitForMacPlayground.debug.xcconfig */ = {isa = PBXFileReference; includeInIndex = 1; lastKnownFileType = text.xcconfig; name = "Pods-UIKitForMacPlayground.debug.xcconfig"; path = "Target Support Files/Pods-UIKitForMacPlayground/Pods-UIKitForMacPlayground.debug.xcconfig"; sourceTree = "<group>"; };
/* End PBXFileReference section */

/* Begin PBXFrameworksBuildPhase section */
		A116368422C520AD0020072C /* Frameworks */ = {
			isa = PBXFrameworksBuildPhase;
			buildActionMask = 2147483647;
			files = (
				B96C579B73CBD88DAF015B1D /* Pods_UIKitForMacPlayground.framework in Frameworks */,
			);
			runOnlyForDeploymentPostprocessing = 0;
		};
		A1D887AE22DCC874007C73ED /* Frameworks */ = {
			isa = PBXFrameworksBuildPhase;
			buildActionMask = 2147483647;
			files = (
			);
			runOnlyForDeploymentPostprocessing = 0;
		};
/* End PBXFrameworksBuildPhase section */

/* Begin PBXGroup section */
		12C4E70C679440A52759DFC1 /* Frameworks */ = {
			isa = PBXGroup;
			children = (
				67B3C60BFC993E73C93CC8E0 /* Pods_UIKitForMacPlayground.framework */,
			);
			name = Frameworks;
			sourceTree = "<group>";
		};
		27FF9F9969858C90A708E2B4 /* Pods */ = {
			isa = PBXGroup;
			children = (
				A793676ECB32AE0CCFB9C6EA /* Pods-UIKitForMacPlayground.debug.xcconfig */,
				417486A30CE1D0BCFC3EB3F4 /* Pods-UIKitForMacPlayground.release.xcconfig */,
			);
			path = Pods;
			sourceTree = "<group>";
		};
		A116367E22C520AD0020072C = {
			isa = PBXGroup;
			children = (
				A116368922C520AD0020072C /* UIKitForMacPlayground */,
				A1D887B222DCC874007C73ED /* UIKitForMacPlaygroundSupportingBundle */,
				A116368822C520AD0020072C /* Products */,
				27FF9F9969858C90A708E2B4 /* Pods */,
				12C4E70C679440A52759DFC1 /* Frameworks */,
			);
			sourceTree = "<group>";
		};
		A116368822C520AD0020072C /* Products */ = {
			isa = PBXGroup;
			children = (
				A116368722C520AD0020072C /* UIKitForMacPlayground.app */,
				A1D887B122DCC874007C73ED /* UIKitForMacPlaygroundSupportingBundle.bundle */,
			);
			name = Products;
			sourceTree = "<group>";
		};
		A116368922C520AD0020072C /* UIKitForMacPlayground */ = {
			isa = PBXGroup;
			children = (
				A1147A2C22F08F6C003DC870 /* SwiftUIView.swift */,
				A1147A2722F0386B003DC870 /* CursorsViewController.swift */,
				A116369E22C520E00020072C /* UIKitForMacPlayground.entitlements */,
				A116368A22C520AD0020072C /* AppDelegate.swift */,
				A116368C22C520AD0020072C /* SceneDelegate.swift */,
				A116368E22C520AD0020072C /* ViewController.swift */,
				A116369322C520AF0020072C /* Assets.xcassets */,
				A116369522C520AF0020072C /* LaunchScreen.storyboard */,
				A116369822C520AF0020072C /* Info.plist */,
				A1A1A69222CB0D97003B81A7 /* ListViewController.swift */,
				A116117222D003B000251B87 /* WindowsViewController.swift */,
				A1D8877622DC3D3B007C73ED /* SquareSceneDelegate.swift */,
				A1D8879922DCA178007C73ED /* HashableIdGenerator.swift */,
				A1D8879B22DCA1AA007C73ED /* ExamplesViewController.swift */,
				A1D8879D22DCA1F6007C73ED /* HeaderView.swift */,
				A1D8879F22DCA20B007C73ED /* UserActivities.swift */,
				A1D887A122DCA24E007C73ED /* HoverViewController.swift */,
				A1D887A322DCA275007C73ED /* HoverExampleView.swift */,
				A1D887A522DCA299007C73ED /* ColorView.swift */,
				A1D887A722DCB108007C73ED /* DragAndDropViewController.swift */,
				A1D887A922DCB167007C73ED /* DragExampleView.swift */,
				A1D887AB22DCB27F007C73ED /* DropExampleView.swift */,
				A1D887C322DD308C007C73ED /* AppKitBundleLoader.h */,
				A1D887C422DD308C007C73ED /* AppKitBundleLoader.m */,
				A1D887C222DD308C007C73ED /* UIKitForMacPlayground-Bridging-Header.h */,
				A1D887C622DE06EF007C73ED /* TouchBarViewController.swift */,
				A1D887C822DE0D78007C73ED /* ContextMenuViewController.swift */,
				A1D887CA22DE3670007C73ED /* DetailType.swift */,
				A1CDC1E122E98C7700B72002 /* OpenFileViewController.swift */,
				A1147A2422F03713003DC870 /* NotificationsViewController.swift */,
			);
			path = UIKitForMacPlayground;
			sourceTree = "<group>";
		};
		A1D887B222DCC874007C73ED /* UIKitForMacPlaygroundSupportingBundle */ = {
			isa = PBXGroup;
			children = (
				A1D887B322DCC874007C73ED /* Info.plist */,
				A1D887B822DCC9F3007C73ED /* AppKitPrincipal.swift */,
				A1D887B722DCC9F3007C73ED /* UIKitForMacPlaygroundSupportingBundle-Bridging-Header.h */,
			);
			path = UIKitForMacPlaygroundSupportingBundle;
			sourceTree = "<group>";
		};
/* End PBXGroup section */

/* Begin PBXNativeTarget section */
		A116368622C520AD0020072C /* UIKitForMacPlayground */ = {
			isa = PBXNativeTarget;
			buildConfigurationList = A116369B22C520AF0020072C /* Build configuration list for PBXNativeTarget "UIKitForMacPlayground" */;
			buildPhases = (
				214D85965551D10ACF6D83E5 /* [CP] Check Pods Manifest.lock */,
				A116368322C520AD0020072C /* Sources */,
				A116368422C520AD0020072C /* Frameworks */,
				A116368522C520AD0020072C /* Resources */,
				A1A5690022DFD7030045DF86 /* Embed PlugIns */,
			);
			buildRules = (
			);
			dependencies = (
				A1A568FF22DFD7020045DF86 /* PBXTargetDependency */,
			);
			name = UIKitForMacPlayground;
			productName = UIKitForMacPlayground;
			productReference = A116368722C520AD0020072C /* UIKitForMacPlayground.app */;
			productType = "com.apple.product-type.application";
		};
		A1D887B022DCC874007C73ED /* UIKitForMacPlaygroundSupportingBundle */ = {
			isa = PBXNativeTarget;
			buildConfigurationList = A1D887B422DCC874007C73ED /* Build configuration list for PBXNativeTarget "UIKitForMacPlaygroundSupportingBundle" */;
			buildPhases = (
				A1D887AD22DCC874007C73ED /* Sources */,
				A1D887AE22DCC874007C73ED /* Frameworks */,
				A1D887AF22DCC874007C73ED /* Resources */,
			);
			buildRules = (
			);
			dependencies = (
			);
			name = UIKitForMacPlaygroundSupportingBundle;
			productName = UIKitForMacPlaygroundSupportingBundle;
			productReference = A1D887B122DCC874007C73ED /* UIKitForMacPlaygroundSupportingBundle.bundle */;
			productType = "com.apple.product-type.bundle";
		};
/* End PBXNativeTarget section */

/* Begin PBXProject section */
		A116367F22C520AD0020072C /* Project object */ = {
			isa = PBXProject;
			attributes = {
				LastSwiftUpdateCheck = 1100;
				LastUpgradeCheck = 1100;
				ORGANIZATIONNAME = "Noah Gilmore";
				TargetAttributes = {
					A116368622C520AD0020072C = {
						CreatedOnToolsVersion = 11.0;
						LastSwiftMigration = 1100;
					};
					A1D887B022DCC874007C73ED = {
						CreatedOnToolsVersion = 11.0;
						LastSwiftMigration = 1100;
					};
				};
			};
			buildConfigurationList = A116368222C520AD0020072C /* Build configuration list for PBXProject "UIKitForMacPlayground" */;
			compatibilityVersion = "Xcode 9.3";
			developmentRegion = en;
			hasScannedForEncodings = 0;
			knownRegions = (
				en,
				Base,
			);
			mainGroup = A116367E22C520AD0020072C;
			productRefGroup = A116368822C520AD0020072C /* Products */;
			projectDirPath = "";
			projectRoot = "";
			targets = (
				A116368622C520AD0020072C /* UIKitForMacPlayground */,
				A1D887B022DCC874007C73ED /* UIKitForMacPlaygroundSupportingBundle */,
			);
		};
/* End PBXProject section */

/* Begin PBXResourcesBuildPhase section */
		A116368522C520AD0020072C /* Resources */ = {
			isa = PBXResourcesBuildPhase;
			buildActionMask = 2147483647;
			files = (
				A116369722C520AF0020072C /* LaunchScreen.storyboard in Resources */,
				A116369422C520AF0020072C /* Assets.xcassets in Resources */,
			);
			runOnlyForDeploymentPostprocessing = 0;
		};
		A1D887AF22DCC874007C73ED /* Resources */ = {
			isa = PBXResourcesBuildPhase;
			buildActionMask = 2147483647;
			files = (
			);
			runOnlyForDeploymentPostprocessing = 0;
		};
/* End PBXResourcesBuildPhase section */

/* Begin PBXShellScriptBuildPhase section */
		214D85965551D10ACF6D83E5 /* [CP] Check Pods Manifest.lock */ = {
			isa = PBXShellScriptBuildPhase;
			buildActionMask = 2147483647;
			files = (
			);
			inputFileListPaths = (
			);
			inputPaths = (
				"${PODS_PODFILE_DIR_PATH}/Podfile.lock",
				"${PODS_ROOT}/Manifest.lock",
			);
			name = "[CP] Check Pods Manifest.lock";
			outputFileListPaths = (
			);
			outputPaths = (
				"$(DERIVED_FILE_DIR)/Pods-UIKitForMacPlayground-checkManifestLockResult.txt",
			);
			runOnlyForDeploymentPostprocessing = 0;
			shellPath = /bin/sh;
			shellScript = "diff \"${PODS_PODFILE_DIR_PATH}/Podfile.lock\" \"${PODS_ROOT}/Manifest.lock\" > /dev/null\nif [ $? != 0 ] ; then\n    # print error to STDERR\n    echo \"error: The sandbox is not in sync with the Podfile.lock. Run 'pod install' or update your CocoaPods installation.\" >&2\n    exit 1\nfi\n# This output is used by Xcode 'outputs' to avoid re-running this script phase.\necho \"SUCCESS\" > \"${SCRIPT_OUTPUT_FILE_0}\"\n";
			showEnvVarsInLog = 0;
		};
/* End PBXShellScriptBuildPhase section */

/* Begin PBXSourcesBuildPhase section */
		A116368322C520AD0020072C /* Sources */ = {
			isa = PBXSourcesBuildPhase;
			buildActionMask = 2147483647;
			files = (
				A1D887A422DCA275007C73ED /* HoverExampleView.swift in Sources */,
				A1D887A822DCB108007C73ED /* DragAndDropViewController.swift in Sources */,
				78646C4E22E87D2200B29FE7 /* (null) in Sources */,
				A116368F22C520AD0020072C /* ViewController.swift in Sources */,
				A1D887C722DE06EF007C73ED /* TouchBarViewController.swift in Sources */,
				A1147A2522F03713003DC870 /* NotificationsViewController.swift in Sources */,
				A1D8879E22DCA1F6007C73ED /* HeaderView.swift in Sources */,
				A1D887A622DCA299007C73ED /* ColorView.swift in Sources */,
				A1147A2922F0386B003DC870 /* CursorsViewController.swift in Sources */,
				A116368B22C520AD0020072C /* AppDelegate.swift in Sources */,
				A1147A2D22F08F6D003DC870 /* SwiftUIView.swift in Sources */,
				A1D887A022DCA20B007C73ED /* UserActivities.swift in Sources */,
				A1A568FC22DFD4900045DF86 /* SceneDelegate.swift in Sources */,
				A1A1A69322CB0D97003B81A7 /* ListViewController.swift in Sources */,
				A1D887C522DD308C007C73ED /* AppKitBundleLoader.m in Sources */,
				A116117322D003B000251B87 /* WindowsViewController.swift in Sources */,
				A1D8877722DC3D3B007C73ED /* SquareSceneDelegate.swift in Sources */,
				A1D887A222DCA24E007C73ED /* HoverViewController.swift in Sources */,
				A1D8879C22DCA1AA007C73ED /* ExamplesViewController.swift in Sources */,
				A1D887C922DE0D78007C73ED /* ContextMenuViewController.swift in Sources */,
				A1D887AC22DCB27F007C73ED /* DropExampleView.swift in Sources */,
				A1D887CB22DE3670007C73ED /* DetailType.swift in Sources */,
				A1D887AA22DCB167007C73ED /* DragExampleView.swift in Sources */,
				78646C4D22E87D2200B29FE7 /* (null) in Sources */,
				A1D8879A22DCA178007C73ED /* HashableIdGenerator.swift in Sources */,
				A1CDC1E222E98C7700B72002 /* OpenFileViewController.swift in Sources */,
			);
			runOnlyForDeploymentPostprocessing = 0;
		};
		A1D887AD22DCC874007C73ED /* Sources */ = {
			isa = PBXSourcesBuildPhase;
			buildActionMask = 2147483647;
			files = (
				A1D887CC22DE367E007C73ED /* DetailType.swift in Sources */,
				A1D887B922DCC9F3007C73ED /* AppKitPrincipal.swift in Sources */,
			);
			runOnlyForDeploymentPostprocessing = 0;
		};
/* End PBXSourcesBuildPhase section */

/* Begin PBXTargetDependency section */
		A1A568FF22DFD7020045DF86 /* PBXTargetDependency */ = {
			isa = PBXTargetDependency;
			target = A1D887B022DCC874007C73ED /* UIKitForMacPlaygroundSupportingBundle */;
			targetProxy = A1A568FE22DFD7020045DF86 /* PBXContainerItemProxy */;
		};
/* End PBXTargetDependency section */

/* Begin PBXVariantGroup section */
		A116369522C520AF0020072C /* LaunchScreen.storyboard */ = {
			isa = PBXVariantGroup;
			children = (
				A116369622C520AF0020072C /* Base */,
			);
			name = LaunchScreen.storyboard;
			sourceTree = "<group>";
		};
/* End PBXVariantGroup section */

/* Begin XCBuildConfiguration section */
		A116369922C520AF0020072C /* Debug */ = {
			isa = XCBuildConfiguration;
			buildSettings = {
				ALWAYS_SEARCH_USER_PATHS = NO;
				CLANG_ANALYZER_NONNULL = YES;
				CLANG_ANALYZER_NUMBER_OBJECT_CONVERSION = YES_AGGRESSIVE;
				CLANG_CXX_LANGUAGE_STANDARD = "gnu++14";
				CLANG_CXX_LIBRARY = "libc++";
				CLANG_ENABLE_MODULES = YES;
				CLANG_ENABLE_OBJC_ARC = YES;
				CLANG_ENABLE_OBJC_WEAK = YES;
				CLANG_WARN_BLOCK_CAPTURE_AUTORELEASING = YES;
				CLANG_WARN_BOOL_CONVERSION = YES;
				CLANG_WARN_COMMA = YES;
				CLANG_WARN_CONSTANT_CONVERSION = YES;
				CLANG_WARN_DEPRECATED_OBJC_IMPLEMENTATIONS = YES;
				CLANG_WARN_DIRECT_OBJC_ISA_USAGE = YES_ERROR;
				CLANG_WARN_DOCUMENTATION_COMMENTS = YES;
				CLANG_WARN_EMPTY_BODY = YES;
				CLANG_WARN_ENUM_CONVERSION = YES;
				CLANG_WARN_INFINITE_RECURSION = YES;
				CLANG_WARN_INT_CONVERSION = YES;
				CLANG_WARN_NON_LITERAL_NULL_CONVERSION = YES;
				CLANG_WARN_OBJC_IMPLICIT_RETAIN_SELF = YES;
				CLANG_WARN_OBJC_LITERAL_CONVERSION = YES;
				CLANG_WARN_OBJC_ROOT_CLASS = YES_ERROR;
				CLANG_WARN_RANGE_LOOP_ANALYSIS = YES;
				CLANG_WARN_STRICT_PROTOTYPES = YES;
				CLANG_WARN_SUSPICIOUS_MOVE = YES;
				CLANG_WARN_UNGUARDED_AVAILABILITY = YES_AGGRESSIVE;
				CLANG_WARN_UNREACHABLE_CODE = YES;
				CLANG_WARN__DUPLICATE_METHOD_MATCH = YES;
				COPY_PHASE_STRIP = NO;
				DEBUG_INFORMATION_FORMAT = dwarf;
				ENABLE_STRICT_OBJC_MSGSEND = YES;
				ENABLE_TESTABILITY = YES;
				GCC_C_LANGUAGE_STANDARD = gnu11;
				GCC_DYNAMIC_NO_PIC = NO;
				GCC_NO_COMMON_BLOCKS = YES;
				GCC_OPTIMIZATION_LEVEL = 0;
				GCC_PREPROCESSOR_DEFINITIONS = (
					"DEBUG=1",
					"$(inherited)",
				);
				GCC_WARN_64_TO_32_BIT_CONVERSION = YES;
				GCC_WARN_ABOUT_RETURN_TYPE = YES_ERROR;
				GCC_WARN_UNDECLARED_SELECTOR = YES;
				GCC_WARN_UNINITIALIZED_AUTOS = YES_AGGRESSIVE;
				GCC_WARN_UNUSED_FUNCTION = YES;
				GCC_WARN_UNUSED_VARIABLE = YES;
				IPHONEOS_DEPLOYMENT_TARGET = 13.0;
				MTL_ENABLE_DEBUG_INFO = INCLUDE_SOURCE;
				MTL_FAST_MATH = YES;
				ONLY_ACTIVE_ARCH = YES;
				SDKROOT = iphoneos;
				SWIFT_ACTIVE_COMPILATION_CONDITIONS = DEBUG;
				SWIFT_OPTIMIZATION_LEVEL = "-Onone";
			};
			name = Debug;
		};
		A116369A22C520AF0020072C /* Release */ = {
			isa = XCBuildConfiguration;
			buildSettings = {
				ALWAYS_SEARCH_USER_PATHS = NO;
				CLANG_ANALYZER_NONNULL = YES;
				CLANG_ANALYZER_NUMBER_OBJECT_CONVERSION = YES_AGGRESSIVE;
				CLANG_CXX_LANGUAGE_STANDARD = "gnu++14";
				CLANG_CXX_LIBRARY = "libc++";
				CLANG_ENABLE_MODULES = YES;
				CLANG_ENABLE_OBJC_ARC = YES;
				CLANG_ENABLE_OBJC_WEAK = YES;
				CLANG_WARN_BLOCK_CAPTURE_AUTORELEASING = YES;
				CLANG_WARN_BOOL_CONVERSION = YES;
				CLANG_WARN_COMMA = YES;
				CLANG_WARN_CONSTANT_CONVERSION = YES;
				CLANG_WARN_DEPRECATED_OBJC_IMPLEMENTATIONS = YES;
				CLANG_WARN_DIRECT_OBJC_ISA_USAGE = YES_ERROR;
				CLANG_WARN_DOCUMENTATION_COMMENTS = YES;
				CLANG_WARN_EMPTY_BODY = YES;
				CLANG_WARN_ENUM_CONVERSION = YES;
				CLANG_WARN_INFINITE_RECURSION = YES;
				CLANG_WARN_INT_CONVERSION = YES;
				CLANG_WARN_NON_LITERAL_NULL_CONVERSION = YES;
				CLANG_WARN_OBJC_IMPLICIT_RETAIN_SELF = YES;
				CLANG_WARN_OBJC_LITERAL_CONVERSION = YES;
				CLANG_WARN_OBJC_ROOT_CLASS = YES_ERROR;
				CLANG_WARN_RANGE_LOOP_ANALYSIS = YES;
				CLANG_WARN_STRICT_PROTOTYPES = YES;
				CLANG_WARN_SUSPICIOUS_MOVE = YES;
				CLANG_WARN_UNGUARDED_AVAILABILITY = YES_AGGRESSIVE;
				CLANG_WARN_UNREACHABLE_CODE = YES;
				CLANG_WARN__DUPLICATE_METHOD_MATCH = YES;
				COPY_PHASE_STRIP = NO;
				DEBUG_INFORMATION_FORMAT = "dwarf-with-dsym";
				ENABLE_NS_ASSERTIONS = NO;
				ENABLE_STRICT_OBJC_MSGSEND = YES;
				GCC_C_LANGUAGE_STANDARD = gnu11;
				GCC_NO_COMMON_BLOCKS = YES;
				GCC_WARN_64_TO_32_BIT_CONVERSION = YES;
				GCC_WARN_ABOUT_RETURN_TYPE = YES_ERROR;
				GCC_WARN_UNDECLARED_SELECTOR = YES;
				GCC_WARN_UNINITIALIZED_AUTOS = YES_AGGRESSIVE;
				GCC_WARN_UNUSED_FUNCTION = YES;
				GCC_WARN_UNUSED_VARIABLE = YES;
				IPHONEOS_DEPLOYMENT_TARGET = 13.0;
				MTL_ENABLE_DEBUG_INFO = NO;
				MTL_FAST_MATH = YES;
				SDKROOT = iphoneos;
				SWIFT_COMPILATION_MODE = wholemodule;
				SWIFT_OPTIMIZATION_LEVEL = "-O";
				VALIDATE_PRODUCT = YES;
			};
			name = Release;
		};
		A116369C22C520AF0020072C /* Debug */ = {
			isa = XCBuildConfiguration;
			baseConfigurationReference = A793676ECB32AE0CCFB9C6EA /* Pods-UIKitForMacPlayground.debug.xcconfig */;
			buildSettings = {
				ASSETCATALOG_COMPILER_APPICON_NAME = AppIcon;
				CLANG_ENABLE_MODULES = YES;
				CODE_SIGN_ENTITLEMENTS = UIKitForMacPlayground/UIKitForMacPlayground.entitlements;
				CODE_SIGN_IDENTITY = "Apple Development";
				"CODE_SIGN_IDENTITY[sdk=macosx*]" = "Apple Development";
				CODE_SIGN_STYLE = Automatic;
				DERIVE_MACCATALYST_PRODUCT_BUNDLE_IDENTIFIER = YES;
				DERIVE_UIKITFORMAC_PRODUCT_BUNDLE_IDENTIFIER = YES;
				DEVELOPMENT_TEAM = 29P3YRFLV5;
				INFOPLIST_FILE = UIKitForMacPlayground/Info.plist;
				LD_RUNPATH_SEARCH_PATHS = (
					"$(inherited)",
					"@executable_path/Frameworks",
				);
				PRODUCT_BUNDLE_IDENTIFIER = com.noahgilmore.UIKitForMacPlayground;
				PRODUCT_NAME = "$(TARGET_NAME)";
				PROVISIONING_PROFILE_SPECIFIER = "";
				"PROVISIONING_PROFILE_SPECIFIER[sdk=macosx*]" = "";
				SUPPORTS_MACCATALYST = YES;
				SUPPORTS_UIKITFORMAC = YES;
				SWIFT_OBJC_BRIDGING_HEADER = "UIKitForMacPlayground/UIKitForMacPlayground-Bridging-Header.h";
				SWIFT_OPTIMIZATION_LEVEL = "-Onone";
				SWIFT_VERSION = 5.0;
				TARGETED_DEVICE_FAMILY = "1,2";
			};
			name = Debug;
		};
		A116369D22C520AF0020072C /* Release */ = {
			isa = XCBuildConfiguration;
			baseConfigurationReference = 417486A30CE1D0BCFC3EB3F4 /* Pods-UIKitForMacPlayground.release.xcconfig */;
			buildSettings = {
				ASSETCATALOG_COMPILER_APPICON_NAME = AppIcon;
				CLANG_ENABLE_MODULES = YES;
				CODE_SIGN_ENTITLEMENTS = UIKitForMacPlayground/UIKitForMacPlayground.entitlements;
				CODE_SIGN_STYLE = Automatic;
				DERIVE_MACCATALYST_PRODUCT_BUNDLE_IDENTIFIER = YES;
				DERIVE_UIKITFORMAC_PRODUCT_BUNDLE_IDENTIFIER = YES;
				DEVELOPMENT_TEAM = 29P3YRFLV5;
				INFOPLIST_FILE = UIKitForMacPlayground/Info.plist;
				LD_RUNPATH_SEARCH_PATHS = (
					"$(inherited)",
					"@executable_path/Frameworks",
				);
				PRODUCT_BUNDLE_IDENTIFIER = com.noahgilmore.UIKitForMacPlayground;
				PRODUCT_NAME = "$(TARGET_NAME)";
				SUPPORTS_MACCATALYST = YES;
				SUPPORTS_UIKITFORMAC = YES;
				SWIFT_OBJC_BRIDGING_HEADER = "UIKitForMacPlayground/UIKitForMacPlayground-Bridging-Header.h";
				SWIFT_VERSION = 5.0;
				TARGETED_DEVICE_FAMILY = "1,2";
			};
			name = Release;
		};
		A1D887B522DCC874007C73ED /* Debug */ = {
			isa = XCBuildConfiguration;
			buildSettings = {
				CLANG_ENABLE_MODULES = YES;
				CODE_SIGN_STYLE = Automatic;
				COMBINE_HIDPI_IMAGES = YES;
				DERIVE_MACCATALYST_PRODUCT_BUNDLE_IDENTIFIER = NO;
				DEVELOPMENT_TEAM = 29P3YRFLV5;
				GCC_PREPROCESSOR_DEFINITIONS = (
					"DEBUG=1",
					"IS_APPKIT_BUNDLE=1",
				);
				INFOPLIST_FILE = UIKitForMacPlaygroundSupportingBundle/Info.plist;
				INSTALL_PATH = "$(LOCAL_LIBRARY_DIR)/Bundles";
				LD_RUNPATH_SEARCH_PATHS = (
					"$(inherited)",
					"@executable_path/../Frameworks",
					"@loader_path/../Frameworks",
				);
				MACOSX_DEPLOYMENT_TARGET = 10.15;
				PRODUCT_BUNDLE_IDENTIFIER = com.noahgilmore.UIKitForMacPlaygroundSupportingBundle;
				PRODUCT_NAME = "$(TARGET_NAME)";
				SDKROOT = macosx;
				SKIP_INSTALL = YES;
				SUPPORTS_MACCATALYST = NO;
				SWIFT_OBJC_BRIDGING_HEADER = "UIKitForMacPlaygroundSupportingBundle/UIKitForMacPlaygroundSupportingBundle-Bridging-Header.h";
				SWIFT_OPTIMIZATION_LEVEL = "-Onone";
				SWIFT_VERSION = 5.0;
				WRAPPER_EXTENSION = bundle;
			};
			name = Debug;
		};
		A1D887B622DCC874007C73ED /* Release */ = {
			isa = XCBuildConfiguration;
			buildSettings = {
				CLANG_ENABLE_MODULES = YES;
				CODE_SIGN_STYLE = Automatic;
				COMBINE_HIDPI_IMAGES = YES;
				DERIVE_MACCATALYST_PRODUCT_BUNDLE_IDENTIFIER = NO;
				DEVELOPMENT_TEAM = Y5PE65HELJ;
				GCC_PREPROCESSOR_DEFINITIONS = "IS_APPKIT_BUNDLE=1";
				INFOPLIST_FILE = UIKitForMacPlaygroundSupportingBundle/Info.plist;
				INSTALL_PATH = "$(LOCAL_LIBRARY_DIR)/Bundles";
				LD_RUNPATH_SEARCH_PATHS = (
					"$(inherited)",
					"@executable_path/../Frameworks",
					"@loader_path/../Frameworks",
				);
				MACOSX_DEPLOYMENT_TARGET = 10.15;
				PRODUCT_BUNDLE_IDENTIFIER = com.noahgilmore.UIKitForMacPlaygroundSupportingBundle;
				PRODUCT_NAME = "$(TARGET_NAME)";
				SDKROOT = macosx;
				SKIP_INSTALL = YES;
				SUPPORTS_MACCATALYST = NO;
				SWIFT_OBJC_BRIDGING_HEADER = "UIKitForMacPlaygroundSupportingBundle/UIKitForMacPlaygroundSupportingBundle-Bridging-Header.h";
				SWIFT_VERSION = 5.0;
				WRAPPER_EXTENSION = bundle;
			};
			name = Release;
		};
/* End XCBuildConfiguration section */

/* Begin XCConfigurationList section */
		A116368222C520AD0020072C /* Build configuration list for PBXProject "UIKitForMacPlayground" */ = {
			isa = XCConfigurationList;
			buildConfigurations = (
				A116369922C520AF0020072C /* Debug */,
				A116369A22C520AF0020072C /* Release */,
			);
			defaultConfigurationIsVisible = 0;
			defaultConfigurationName = Release;
		};
		A116369B22C520AF0020072C /* Build configuration list for PBXNativeTarget "UIKitForMacPlayground" */ = {
			isa = XCConfigurationList;
			buildConfigurations = (
				A116369C22C520AF0020072C /* Debug */,
				A116369D22C520AF0020072C /* Release */,
			);
			defaultConfigurationIsVisible = 0;
			defaultConfigurationName = Release;
		};
		A1D887B422DCC874007C73ED /* Build configuration list for PBXNativeTarget "UIKitForMacPlaygroundSupportingBundle" */ = {
			isa = XCConfigurationList;
			buildConfigurations = (
				A1D887B522DCC874007C73ED /* Debug */,
				A1D887B622DCC874007C73ED /* Release */,
			);
			defaultConfigurationIsVisible = 0;
			defaultConfigurationName = Release;
		};
/* End XCConfigurationList section */
	};
	rootObject = A116367F22C520AD0020072C /* Project object */;
}
